
Microsoft Visual Studio Solution File, Format Version 12.00
# Visual Studio Version 16
VisualStudioVersion = 16.0.31019.35
MinimumVisualStudioVersion = 10.0.40219.1
Project("{FAE04EC0-301F-11D3-BF4B-00C04F79EFBC}") = "MasterDetails", "MasterDetails\MasterDetails.csproj", "{1280EBDE-8B69-4474-8C4C-8E738FC43C63}"
EndProject
Project("{FAE04EC0-301F-11D3-BF4B-00C04F79EFBC}") = "DAL", "DAL\DAL.csproj", "{297517C4-DCFD-4079-BD7C-9D6ED2D0D6B7}"
EndProject
Global
	GlobalSection(SolutionConfigurationPlatforms) = preSolution
		Debug|Any CPU = Debug|Any CPU
		Release|Any CPU = Release|Any CPU
	EndGlobalSection
	GlobalSection(ProjectConfigurationPlatforms) = postSolution
		{1280EBDE-8B69-4474-8C4C-8E738FC43C63}.Debug|Any CPU.ActiveCfg = Debug|Any CPU
		{1280EBDE-8B69-4474-8C4C-8E738FC43C63}.Debug|Any CPU.Build.0 = Debug|Any CPU
		{1280EBDE-8B69-4474-8C4C-8E738FC43C63}.Release|Any CPU.ActiveCfg = Release|Any CPU
		{1280EBDE-8B69-4474-8C4C-8E738FC43C63}.Release|Any CPU.Build.0 = Release|Any CPU
		{297517C4-DCFD-4079-BD7C-9D6ED2D0D6B7}.Debug|Any CPU.ActiveCfg = Debug|Any CPU
		{297517C4-DCFD-4079-BD7C-9D6ED2D0D6B7}.Debug|Any CPU.Build.0 = Debug|Any CPU
		{297517C4-DCFD-4079-BD7C-9D6ED2D0D6B7}.Release|Any CPU.ActiveCfg = Release|Any CPU
		{297517C4-DCFD-4079-BD7C-9D6ED2D0D6B7}.Release|Any CPU.Build.0 = Release|Any CPU
	EndGlobalSection
	GlobalSection(SolutionProperties) = preSolution
		HideSolutionNode = FALSE
	EndGlobalSection
	GlobalSection(ExtensibilityGlobals) = postSolution
		SolutionGuid = {218B6B0C-FAE8-4BB7-B67D-1F9FB4E5B342}
	EndGlobalSection
EndGlobal
